{
  "version": 1,
  "dependencies": {
    "net8.0": {
      "Mono.Cecil": {
        "type": "Direct",
        "requested": "[0.11.6, )",
        "resolved": "0.11.6",
        "contentHash": "f33RkDtZO8VlGXCtmQIviOtxgnUdym9xx/b1p9h91CRGOsJFxCFOFK1FDbVt1OCf1aWwYejUFa2MOQyFWTFjbA=="
      },
      "MonoMod.Backports": {
        "type": "Direct",
        "requested": "[1.1.2, )",
        "resolved": "1.1.2",
        "contentHash": "baYlNy8n8kmaNhNvqmZ/dIPOeO1r9//dG1i2WbunMWtWZ2EKtIgmXaS+ZzphzTsikkGnoD4Jwr5g0TVdpDjgpw==",
        "dependencies": {
          "MonoMod.ILHelpers": "1.1.0"
        }
      },
      "MonoMod.ILHelpers": {
        "type": "Direct",
        "requested": "[1.1.0, )",
        "resolved": "1.1.0",
        "contentHash": "L2FWjhTrv7tcIxshfZ+M3OcaNr4cNw0IwiVZEgwqRnZ5QAN3+RrNJ8ZwCzwXUWyPDqooJxMcjjg8PsSYUiNBjQ=="
      }
    }
  }
}